// !$*UTF8*$!
{
	archiveVersion = 1;
	classes = {
	};
	objectVersion = 56;
	objects = {

/* Begin PBXBuildFile section */
		3517632A2C19D8A600349455 /* ViewShadowEffect.swift in Sources */ = {isa = PBXBuildFile; fileRef = 351763292C19D8A600349455 /* ViewShadowEffect.swift */; };
		3517632D2C19DDF800349455 /* Constant.swift in Sources */ = {isa = PBXBuildFile; fileRef = 3517632C2C19DDF800349455 /* Constant.swift */; };
		3519678F2C2B126100946E77 /* TrendDetailViewController.swift in Sources */ = {isa = PBXBuildFile; fileRef = 3519678E2C2B126100946E77 /* TrendDetailViewController.swift */; };
		354D64BD2C2C25B600F63EE1 /* NetworkRequest.swift in Sources */ = {isa = PBXBuildFile; fileRef = 354D64BC2C2C25B600F63EE1 /* NetworkRequest.swift */; };
		357037582C2FC708004323EC /* BaseTableViewCell.swift in Sources */ = {isa = PBXBuildFile; fileRef = 357037572C2FC708004323EC /* BaseTableViewCell.swift */; };
		3570375A2C2FC714004323EC /* BaseCollectionViewCell.swift in Sources */ = {isa = PBXBuildFile; fileRef = 357037592C2FC714004323EC /* BaseCollectionViewCell.swift */; };
		3570375C2C2FCB6D004323EC /* MovieHomeTableViewCell.swift in Sources */ = {isa = PBXBuildFile; fileRef = 3570375B2C2FCB6D004323EC /* MovieHomeTableViewCell.swift */; };
		3570375F2C2FCDBF004323EC /* Resource.swift in Sources */ = {isa = PBXBuildFile; fileRef = 3570375E2C2FCDBF004323EC /* Resource.swift */; };
		357037612C2FD41D004323EC /* MovieHomeCollectionViewCell.swift in Sources */ = {isa = PBXBuildFile; fileRef = 357037602C2FD41D004323EC /* MovieHomeCollectionViewCell.swift */; };
		357037642C30585F004323EC /* MovieOverviewTableViewCell.swift in Sources */ = {isa = PBXBuildFile; fileRef = 357037632C30585F004323EC /* MovieOverviewTableViewCell.swift */; };
		35754E092C18412800B1B8F0 /* MediaDetailCastTableViewCell.swift in Sources */ = {isa = PBXBuildFile; fileRef = 35754E082C18412800B1B8F0 /* MediaDetailCastTableViewCell.swift */; };
		35754E0D2C18980C00B1B8F0 /* TabBarController.swift in Sources */ = {isa = PBXBuildFile; fileRef = 35754E0C2C18980C00B1B8F0 /* TabBarController.swift */; };
		35754E0F2C1898DD00B1B8F0 /* MovieSearchViewController.swift in Sources */ = {isa = PBXBuildFile; fileRef = 35754E0E2C1898DD00B1B8F0 /* MovieSearchViewController.swift */; };
		35754E112C189BF500B1B8F0 /* VC + Extension.swift in Sources */ = {isa = PBXBuildFile; fileRef = 35754E102C189BF500B1B8F0 /* VC + Extension.swift */; };
		35754E132C18A25B00B1B8F0 /* MovieCollectionViewCell.swift in Sources */ = {isa = PBXBuildFile; fileRef = 35754E122C18A25B00B1B8F0 /* MovieCollectionViewCell.swift */; };
		359733042C2AAC96007BD56E /* BaseViewController.swift in Sources */ = {isa = PBXBuildFile; fileRef = 359733032C2AAC96007BD56E /* BaseViewController.swift */; };
		359733062C2AB9A6007BD56E /* MediaCollectionTableViewCell.swift in Sources */ = {isa = PBXBuildFile; fileRef = 359733052C2AB9A6007BD56E /* MediaCollectionTableViewCell.swift */; };
		359733082C2AE085007BD56E /* NetworkManager.swift in Sources */ = {isa = PBXBuildFile; fileRef = 359733072C2AE085007BD56E /* NetworkManager.swift */; };
		3597330A2C2AECDA007BD56E /* CastTableViewCell.swift in Sources */ = {isa = PBXBuildFile; fileRef = 359733092C2AECDA007BD56E /* CastTableViewCell.swift */; };
		35A9B8532C2DB2DD0099D7F5 /* MovieHomeViewController.swift in Sources */ = {isa = PBXBuildFile; fileRef = 35A9B8522C2DB2DD0099D7F5 /* MovieHomeViewController.swift */; };
		35BFE71D2C29A50F0002D63D /* ContentsCollectionViewCell.swift in Sources */ = {isa = PBXBuildFile; fileRef = 35BFE71C2C29A50F0002D63D /* ContentsCollectionViewCell.swift */; };
		35BFE7232C29A5EF0002D63D /* MediaImageTableViewCell.swift in Sources */ = {isa = PBXBuildFile; fileRef = 35BFE7222C29A5EF0002D63D /* MediaImageTableViewCell.swift */; };
		35F25F2A2C16F53F000917C9 /* AppDelegate.swift in Sources */ = {isa = PBXBuildFile; fileRef = 35F25F292C16F53F000917C9 /* AppDelegate.swift */; };
		35F25F2C2C16F53F000917C9 /* SceneDelegate.swift in Sources */ = {isa = PBXBuildFile; fileRef = 35F25F2B2C16F53F000917C9 /* SceneDelegate.swift */; };
		35F25F2E2C16F53F000917C9 /* ViewController.swift in Sources */ = {isa = PBXBuildFile; fileRef = 35F25F2D2C16F53F000917C9 /* ViewController.swift */; };
		35F25F332C16F540000917C9 /* Assets.xcassets in Resources */ = {isa = PBXBuildFile; fileRef = 35F25F322C16F540000917C9 /* Assets.xcassets */; };
		35F25F362C16F540000917C9 /* Base in Resources */ = {isa = PBXBuildFile; fileRef = 35F25F352C16F540000917C9 /* Base */; };
		35F25F452C16FAFD000917C9 /* .gitignore in Resources */ = {isa = PBXBuildFile; fileRef = 35F25F442C16FAFD000917C9 /* .gitignore */; };
		35F25F472C16FB44000917C9 /* APIKey.swift in Sources */ = {isa = PBXBuildFile; fileRef = 35F25F462C16FB44000917C9 /* APIKey.swift */; };
		35F25F492C16FF33000917C9 /* MediaModel.swift in Sources */ = {isa = PBXBuildFile; fileRef = 35F25F482C16FF33000917C9 /* MediaModel.swift */; };
		35F25F4B2C1709B5000917C9 /* MediaTrendViewController.swift in Sources */ = {isa = PBXBuildFile; fileRef = 35F25F4A2C1709B5000917C9 /* MediaTrendViewController.swift */; };
		35F25F4D2C1709D1000917C9 /* MediaTrendTableViewCell.swift in Sources */ = {isa = PBXBuildFile; fileRef = 35F25F4C2C1709D1000917C9 /* MediaTrendTableViewCell.swift */; };
		35F25F4F2C170A48000917C9 /* ReuseIdentifierProtocol.swift in Sources */ = {isa = PBXBuildFile; fileRef = 35F25F4E2C170A48000917C9 /* ReuseIdentifierProtocol.swift */; };
		35F25F522C170D95000917C9 /* Alamofire in Frameworks */ = {isa = PBXBuildFile; productRef = 35F25F512C170D95000917C9 /* Alamofire */; };
		35F25F552C170DA0000917C9 /* SnapKit in Frameworks */ = {isa = PBXBuildFile; productRef = 35F25F542C170DA0000917C9 /* SnapKit */; };
		35F25F582C170DAA000917C9 /* Kingfisher in Frameworks */ = {isa = PBXBuildFile; productRef = 35F25F572C170DAA000917C9 /* Kingfisher */; };
		35F25F5C2C17496B000917C9 /* MovieDetailViewController.swift in Sources */ = {isa = PBXBuildFile; fileRef = 35F25F5B2C17496B000917C9 /* MovieDetailViewController.swift */; };
/* End PBXBuildFile section */

/* Begin PBXFileReference section */
		351763292C19D8A600349455 /* ViewShadowEffect.swift */ = {isa = PBXFileReference; lastKnownFileType = sourcecode.swift; path = ViewShadowEffect.swift; sourceTree = "<group>"; };
		3517632C2C19DDF800349455 /* Constant.swift */ = {isa = PBXFileReference; lastKnownFileType = sourcecode.swift; path = Constant.swift; sourceTree = "<group>"; };
		3519678E2C2B126100946E77 /* TrendDetailViewController.swift */ = {isa = PBXFileReference; lastKnownFileType = sourcecode.swift; path = TrendDetailViewController.swift; sourceTree = "<group>"; };
		354D64BC2C2C25B600F63EE1 /* NetworkRequest.swift */ = {isa = PBXFileReference; lastKnownFileType = sourcecode.swift; path = NetworkRequest.swift; sourceTree = "<group>"; };
		357037572C2FC708004323EC /* BaseTableViewCell.swift */ = {isa = PBXFileReference; lastKnownFileType = sourcecode.swift; path = BaseTableViewCell.swift; sourceTree = "<group>"; };
		357037592C2FC714004323EC /* BaseCollectionViewCell.swift */ = {isa = PBXFileReference; lastKnownFileType = sourcecode.swift; path = BaseCollectionViewCell.swift; sourceTree = "<group>"; };
		3570375B2C2FCB6D004323EC /* MovieHomeTableViewCell.swift */ = {isa = PBXFileReference; lastKnownFileType = sourcecode.swift; path = MovieHomeTableViewCell.swift; sourceTree = "<group>"; };
		3570375E2C2FCDBF004323EC /* Resource.swift */ = {isa = PBXFileReference; lastKnownFileType = sourcecode.swift; path = Resource.swift; sourceTree = "<group>"; };
		357037602C2FD41D004323EC /* MovieHomeCollectionViewCell.swift */ = {isa = PBXFileReference; lastKnownFileType = sourcecode.swift; path = MovieHomeCollectionViewCell.swift; sourceTree = "<group>"; };
		357037632C30585F004323EC /* MovieOverviewTableViewCell.swift */ = {isa = PBXFileReference; lastKnownFileType = sourcecode.swift; path = MovieOverviewTableViewCell.swift; sourceTree = "<group>"; };
		35754E082C18412800B1B8F0 /* MediaDetailCastTableViewCell.swift */ = {isa = PBXFileReference; lastKnownFileType = sourcecode.swift; path = MediaDetailCastTableViewCell.swift; sourceTree = "<group>"; };
		35754E0C2C18980C00B1B8F0 /* TabBarController.swift */ = {isa = PBXFileReference; lastKnownFileType = sourcecode.swift; path = TabBarController.swift; sourceTree = "<group>"; };
		35754E0E2C1898DD00B1B8F0 /* MovieSearchViewController.swift */ = {isa = PBXFileReference; lastKnownFileType = sourcecode.swift; path = MovieSearchViewController.swift; sourceTree = "<group>"; };
		35754E102C189BF500B1B8F0 /* VC + Extension.swift */ = {isa = PBXFileReference; lastKnownFileType = sourcecode.swift; path = "VC + Extension.swift"; sourceTree = "<group>"; };
		35754E122C18A25B00B1B8F0 /* MovieCollectionViewCell.swift */ = {isa = PBXFileReference; lastKnownFileType = sourcecode.swift; path = MovieCollectionViewCell.swift; sourceTree = "<group>"; };
		359733032C2AAC96007BD56E /* BaseViewController.swift */ = {isa = PBXFileReference; lastKnownFileType = sourcecode.swift; path = BaseViewController.swift; sourceTree = "<group>"; };
		359733052C2AB9A6007BD56E /* MediaCollectionTableViewCell.swift */ = {isa = PBXFileReference; lastKnownFileType = sourcecode.swift; path = MediaCollectionTableViewCell.swift; sourceTree = "<group>"; };
		359733072C2AE085007BD56E /* NetworkManager.swift */ = {isa = PBXFileReference; lastKnownFileType = sourcecode.swift; path = NetworkManager.swift; sourceTree = "<group>"; };
		359733092C2AECDA007BD56E /* CastTableViewCell.swift */ = {isa = PBXFileReference; lastKnownFileType = sourcecode.swift; path = CastTableViewCell.swift; sourceTree = "<group>"; };
		35A9B8522C2DB2DD0099D7F5 /* MovieHomeViewController.swift */ = {isa = PBXFileReference; lastKnownFileType = sourcecode.swift; path = MovieHomeViewController.swift; sourceTree = "<group>"; };
		35BFE71C2C29A50F0002D63D /* ContentsCollectionViewCell.swift */ = {isa = PBXFileReference; lastKnownFileType = sourcecode.swift; path = ContentsCollectionViewCell.swift; sourceTree = "<group>"; };
		35BFE7222C29A5EF0002D63D /* MediaImageTableViewCell.swift */ = {isa = PBXFileReference; lastKnownFileType = sourcecode.swift; path = MediaImageTableViewCell.swift; sourceTree = "<group>"; };
		35F25F262C16F53F000917C9 /* MediaLog.app */ = {isa = PBXFileReference; explicitFileType = wrapper.application; includeInIndex = 0; path = MediaLog.app; sourceTree = BUILT_PRODUCTS_DIR; };
		35F25F292C16F53F000917C9 /* AppDelegate.swift */ = {isa = PBXFileReference; lastKnownFileType = sourcecode.swift; path = AppDelegate.swift; sourceTree = "<group>"; };
		35F25F2B2C16F53F000917C9 /* SceneDelegate.swift */ = {isa = PBXFileReference; lastKnownFileType = sourcecode.swift; path = SceneDelegate.swift; sourceTree = "<group>"; };
		35F25F2D2C16F53F000917C9 /* ViewController.swift */ = {isa = PBXFileReference; lastKnownFileType = sourcecode.swift; path = ViewController.swift; sourceTree = "<group>"; };
		35F25F322C16F540000917C9 /* Assets.xcassets */ = {isa = PBXFileReference; lastKnownFileType = folder.assetcatalog; path = Assets.xcassets; sourceTree = "<group>"; };
		35F25F352C16F540000917C9 /* Base */ = {isa = PBXFileReference; lastKnownFileType = file.storyboard; name = Base; path = Base.lproj/LaunchScreen.storyboard; sourceTree = "<group>"; };
		35F25F372C16F540000917C9 /* Info.plist */ = {isa = PBXFileReference; lastKnownFileType = text.plist.xml; path = Info.plist; sourceTree = "<group>"; };
		35F25F442C16FAFD000917C9 /* .gitignore */ = {isa = PBXFileReference; lastKnownFileType = text; path = .gitignore; sourceTree = "<group>"; };
		35F25F462C16FB44000917C9 /* APIKey.swift */ = {isa = PBXFileReference; lastKnownFileType = sourcecode.swift; path = APIKey.swift; sourceTree = "<group>"; };
		35F25F482C16FF33000917C9 /* MediaModel.swift */ = {isa = PBXFileReference; lastKnownFileType = sourcecode.swift; path = MediaModel.swift; sourceTree = "<group>"; };
		35F25F4A2C1709B5000917C9 /* MediaTrendViewController.swift */ = {isa = PBXFileReference; lastKnownFileType = sourcecode.swift; path = MediaTrendViewController.swift; sourceTree = "<group>"; };
		35F25F4C2C1709D1000917C9 /* MediaTrendTableViewCell.swift */ = {isa = PBXFileReference; lastKnownFileType = sourcecode.swift; path = MediaTrendTableViewCell.swift; sourceTree = "<group>"; };
		35F25F4E2C170A48000917C9 /* ReuseIdentifierProtocol.swift */ = {isa = PBXFileReference; lastKnownFileType = sourcecode.swift; path = ReuseIdentifierProtocol.swift; sourceTree = "<group>"; };
		35F25F5B2C17496B000917C9 /* MovieDetailViewController.swift */ = {isa = PBXFileReference; lastKnownFileType = sourcecode.swift; path = MovieDetailViewController.swift; sourceTree = "<group>"; };
/* End PBXFileReference section */

/* Begin PBXFrameworksBuildPhase section */
		35F25F232C16F53F000917C9 /* Frameworks */ = {
			isa = PBXFrameworksBuildPhase;
			buildActionMask = 2147483647;
			files = (
				35F25F582C170DAA000917C9 /* Kingfisher in Frameworks */,
				35F25F522C170D95000917C9 /* Alamofire in Frameworks */,
				35F25F552C170DA0000917C9 /* SnapKit in Frameworks */,
			);
			runOnlyForDeploymentPostprocessing = 0;
		};
/* End PBXFrameworksBuildPhase section */

/* Begin PBXGroup section */
		351763282C19D11400349455 /* CustomView */ = {
			isa = PBXGroup;
			children = (
				351763292C19D8A600349455 /* ViewShadowEffect.swift */,
			);
			path = CustomView;
			sourceTree = "<group>";
		};
		3517632B2C19DDEC00349455 /* Constant */ = {
			isa = PBXGroup;
			children = (
				3517632C2C19DDF800349455 /* Constant.swift */,
			);
			path = Constant;
			sourceTree = "<group>";
		};
		35559A692C2C1CA800A08B57 /* Network */ = {
			isa = PBXGroup;
			children = (
				35F25F462C16FB44000917C9 /* APIKey.swift */,
				35F25F482C16FF33000917C9 /* MediaModel.swift */,
				354D64BC2C2C25B600F63EE1 /* NetworkRequest.swift */,
				359733072C2AE085007BD56E /* NetworkManager.swift */,
			);
			path = Network;
			sourceTree = "<group>";
		};
		357037562C2FC6E1004323EC /* Base */ = {
			isa = PBXGroup;
			children = (
				359733032C2AAC96007BD56E /* BaseViewController.swift */,
				357037572C2FC708004323EC /* BaseTableViewCell.swift */,
				357037592C2FC714004323EC /* BaseCollectionViewCell.swift */,
			);
			path = Base;
			sourceTree = "<group>";
		};
		3570375D2C2FCD14004323EC /* Enum */ = {
			isa = PBXGroup;
			children = (
				3570375E2C2FCDBF004323EC /* Resource.swift */,
			);
			path = Enum;
			sourceTree = "<group>";
		};
		357037622C304DFF004323EC /* MovieDetailPage */ = {
			isa = PBXGroup;
			children = (
				3519678E2C2B126100946E77 /* TrendDetailViewController.swift */,
				359733052C2AB9A6007BD56E /* MediaCollectionTableViewCell.swift */,
				35BFE71C2C29A50F0002D63D /* ContentsCollectionViewCell.swift */,
				357037632C30585F004323EC /* MovieOverviewTableViewCell.swift */,
			);
			path = MovieDetailPage;
			sourceTree = "<group>";
		};
		35A9B8512C2DB1680099D7F5 /* Home */ = {
			isa = PBXGroup;
			children = (
				35A9B8522C2DB2DD0099D7F5 /* MovieHomeViewController.swift */,
				3570375B2C2FCB6D004323EC /* MovieHomeTableViewCell.swift */,
				357037602C2FD41D004323EC /* MovieHomeCollectionViewCell.swift */,
			);
			path = Home;
			sourceTree = "<group>";
		};
		35F25F1D2C16F53F000917C9 = {
			isa = PBXGroup;
			children = (
				35F25F442C16FAFD000917C9 /* .gitignore */,
				35F25F282C16F53F000917C9 /* MediaLog */,
				35F25F272C16F53F000917C9 /* Products */,
			);
			sourceTree = "<group>";
		};
		35F25F272C16F53F000917C9 /* Products */ = {
			isa = PBXGroup;
			children = (
				35F25F262C16F53F000917C9 /* MediaLog.app */,
			);
			name = Products;
			sourceTree = "<group>";
		};
		35F25F282C16F53F000917C9 /* MediaLog */ = {
			isa = PBXGroup;
			children = (
				3570375D2C2FCD14004323EC /* Enum */,
				35F25F4E2C170A48000917C9 /* ReuseIdentifierProtocol.swift */,
				357037562C2FC6E1004323EC /* Base */,
				35754E0C2C18980C00B1B8F0 /* TabBarController.swift */,
				35A9B8512C2DB1680099D7F5 /* Home */,
				35559A692C2C1CA800A08B57 /* Network */,
				3517632B2C19DDEC00349455 /* Constant */,
				351763282C19D11400349455 /* CustomView */,
				35754E102C189BF500B1B8F0 /* VC + Extension.swift */,
				35F25F3D2C16F875000917C9 /* Search */,
				35F25F3F2C16F89C000917C9 /* MyLog */,
				357037622C304DFF004323EC /* MovieDetailPage */,
				35F25F2B2C16F53F000917C9 /* SceneDelegate.swift */,
				35F25F292C16F53F000917C9 /* AppDelegate.swift */,
				35F25F2D2C16F53F000917C9 /* ViewController.swift */,
				35F25F412C16FA72000917C9 /* Parking */,
				35F25F322C16F540000917C9 /* Assets.xcassets */,
				35F25F342C16F540000917C9 /* LaunchScreen.storyboard */,
				35F25F372C16F540000917C9 /* Info.plist */,
			);
			path = MediaLog;
			sourceTree = "<group>";
		};
		35F25F3D2C16F875000917C9 /* Search */ = {
			isa = PBXGroup;
			children = (
				35754E0E2C1898DD00B1B8F0 /* MovieSearchViewController.swift */,
				35754E122C18A25B00B1B8F0 /* MovieCollectionViewCell.swift */,
			);
			path = Search;
			sourceTree = "<group>";
		};
		35F25F3F2C16F89C000917C9 /* MyLog */ = {
			isa = PBXGroup;
			children = (
				35F25F4A2C1709B5000917C9 /* MediaTrendViewController.swift */,
				35F25F4C2C1709D1000917C9 /* MediaTrendTableViewCell.swift */,
			);
			path = MyLog;
			sourceTree = "<group>";
		};
		35F25F402C16F8D9000917C9 /* Setting */ = {
			isa = PBXGroup;
			children = (
			);
			path = Setting;
			sourceTree = "<group>";
		};
		35F25F412C16FA72000917C9 /* Parking */ = {
			isa = PBXGroup;
			children = (
				35F25F5B2C17496B000917C9 /* MovieDetailViewController.swift */,
				35BFE7222C29A5EF0002D63D /* MediaImageTableViewCell.swift */,
				359733092C2AECDA007BD56E /* CastTableViewCell.swift */,
				35754E082C18412800B1B8F0 /* MediaDetailCastTableViewCell.swift */,
				35F25F402C16F8D9000917C9 /* Setting */,
			);
			path = Parking;
			sourceTree = "<group>";
		};
/* End PBXGroup section */

/* Begin PBXNativeTarget section */
		35F25F252C16F53F000917C9 /* MediaLog */ = {
			isa = PBXNativeTarget;
			buildConfigurationList = 35F25F3A2C16F540000917C9 /* Build configuration list for PBXNativeTarget "MediaLog" */;
			buildPhases = (
				35F25F222C16F53F000917C9 /* Sources */,
				35F25F232C16F53F000917C9 /* Frameworks */,
				35F25F242C16F53F000917C9 /* Resources */,
			);
			buildRules = (
			);
			dependencies = (
			);
			name = MediaLog;
			packageProductDependencies = (
				35F25F512C170D95000917C9 /* Alamofire */,
				35F25F542C170DA0000917C9 /* SnapKit */,
				35F25F572C170DAA000917C9 /* Kingfisher */,
			);
			productName = MediaLog;
			productReference = 35F25F262C16F53F000917C9 /* MediaLog.app */;
			productType = "com.apple.product-type.application";
		};
/* End PBXNativeTarget section */

/* Begin PBXProject section */
		35F25F1E2C16F53F000917C9 /* Project object */ = {
			isa = PBXProject;
			attributes = {
				BuildIndependentTargetsInParallel = 1;
				LastSwiftUpdateCheck = 1530;
				LastUpgradeCheck = 1530;
				TargetAttributes = {
					35F25F252C16F53F000917C9 = {
						CreatedOnToolsVersion = 15.3;
					};
				};
			};
			buildConfigurationList = 35F25F212C16F53F000917C9 /* Build configuration list for PBXProject "MediaLog" */;
			compatibilityVersion = "Xcode 14.0";
			developmentRegion = en;
			hasScannedForEncodings = 0;
			knownRegions = (
				en,
				Base,
			);
			mainGroup = 35F25F1D2C16F53F000917C9;
			packageReferences = (
				35F25F502C170D95000917C9 /* XCRemoteSwiftPackageReference "Alamofire" */,
				35F25F532C170DA0000917C9 /* XCRemoteSwiftPackageReference "SnapKit" */,
				35F25F562C170DAA000917C9 /* XCRemoteSwiftPackageReference "Kingfisher" */,
			);
			productRefGroup = 35F25F272C16F53F000917C9 /* Products */;
			projectDirPath = "";
			projectRoot = "";
			targets = (
				35F25F252C16F53F000917C9 /* MediaLog */,
			);
		};
/* End PBXProject section */

/* Begin PBXResourcesBuildPhase section */
		35F25F242C16F53F000917C9 /* Resources */ = {
			isa = PBXResourcesBuildPhase;
			buildActionMask = 2147483647;
			files = (
				35F25F332C16F540000917C9 /* Assets.xcassets in Resources */,
				35F25F452C16FAFD000917C9 /* .gitignore in Resources */,
				35F25F362C16F540000917C9 /* Base in Resources */,
			);
			runOnlyForDeploymentPostprocessing = 0;
		};
/* End PBXResourcesBuildPhase section */

/* Begin PBXSourcesBuildPhase section */
		35F25F222C16F53F000917C9 /* Sources */ = {
			isa = PBXSourcesBuildPhase;
			buildActionMask = 2147483647;
			files = (
				35BFE71D2C29A50F0002D63D /* ContentsCollectionViewCell.swift in Sources */,
				35F25F2E2C16F53F000917C9 /* ViewController.swift in Sources */,
				35F25F4F2C170A48000917C9 /* ReuseIdentifierProtocol.swift in Sources */,
				35F25F4B2C1709B5000917C9 /* MediaTrendViewController.swift in Sources */,
				359733042C2AAC96007BD56E /* BaseViewController.swift in Sources */,
				35F25F2A2C16F53F000917C9 /* AppDelegate.swift in Sources */,
				35F25F472C16FB44000917C9 /* APIKey.swift in Sources */,
				357037642C30585F004323EC /* MovieOverviewTableViewCell.swift in Sources */,
				35BFE7232C29A5EF0002D63D /* MediaImageTableViewCell.swift in Sources */,
				35F25F492C16FF33000917C9 /* MediaModel.swift in Sources */,
				3517632A2C19D8A600349455 /* ViewShadowEffect.swift in Sources */,
				35A9B8532C2DB2DD0099D7F5 /* MovieHomeViewController.swift in Sources */,
				3570375C2C2FCB6D004323EC /* MovieHomeTableViewCell.swift in Sources */,
				3570375F2C2FCDBF004323EC /* Resource.swift in Sources */,
				3570375A2C2FC714004323EC /* BaseCollectionViewCell.swift in Sources */,
				35754E0F2C1898DD00B1B8F0 /* MovieSearchViewController.swift in Sources */,
				35754E092C18412800B1B8F0 /* MediaDetailCastTableViewCell.swift in Sources */,
				359733082C2AE085007BD56E /* NetworkManager.swift in Sources */,
				3519678F2C2B126100946E77 /* TrendDetailViewController.swift in Sources */,
				35F25F2C2C16F53F000917C9 /* SceneDelegate.swift in Sources */,
				359733062C2AB9A6007BD56E /* MediaCollectionTableViewCell.swift in Sources */,
				3517632D2C19DDF800349455 /* Constant.swift in Sources */,
				35754E112C189BF500B1B8F0 /* VC + Extension.swift in Sources */,
				35754E0D2C18980C00B1B8F0 /* TabBarController.swift in Sources */,
				35754E132C18A25B00B1B8F0 /* MovieCollectionViewCell.swift in Sources */,
				357037612C2FD41D004323EC /* MovieHomeCollectionViewCell.swift in Sources */,
				35F25F5C2C17496B000917C9 /* MovieDetailViewController.swift in Sources */,
				35F25F4D2C1709D1000917C9 /* MediaTrendTableViewCell.swift in Sources */,
				3597330A2C2AECDA007BD56E /* CastTableViewCell.swift in Sources */,
				357037582C2FC708004323EC /* BaseTableViewCell.swift in Sources */,
				354D64BD2C2C25B600F63EE1 /* NetworkRequest.swift in Sources */,
			);
			runOnlyForDeploymentPostprocessing = 0;
		};
/* End PBXSourcesBuildPhase section */

/* Begin PBXVariantGroup section */
		35F25F342C16F540000917C9 /* LaunchScreen.storyboard */ = {
			isa = PBXVariantGroup;
			children = (
				35F25F352C16F540000917C9 /* Base */,
			);
			name = LaunchScreen.storyboard;
			sourceTree = "<group>";
		};
/* End PBXVariantGroup section */

/* Begin XCBuildConfiguration section */
		35F25F382C16F540000917C9 /* Debug */ = {
			isa = XCBuildConfiguration;
			buildSettings = {
				ALWAYS_SEARCH_USER_PATHS = NO;
				ASSETCATALOG_COMPILER_GENERATE_SWIFT_ASSET_SYMBOL_EXTENSIONS = YES;
				CLANG_ANALYZER_NONNULL = YES;
				CLANG_ANALYZER_NUMBER_OBJECT_CONVERSION = YES_AGGRESSIVE;
				CLANG_CXX_LANGUAGE_STANDARD = "gnu++20";
				CLANG_ENABLE_MODULES = YES;
				CLANG_ENABLE_OBJC_ARC = YES;
				CLANG_ENABLE_OBJC_WEAK = YES;
				CLANG_WARN_BLOCK_CAPTURE_AUTORELEASING = YES;
				CLANG_WARN_BOOL_CONVERSION = YES;
				CLANG_WARN_COMMA = YES;
				CLANG_WARN_CONSTANT_CONVERSION = YES;
				CLANG_WARN_DEPRECATED_OBJC_IMPLEMENTATIONS = YES;
				CLANG_WARN_DIRECT_OBJC_ISA_USAGE = YES_ERROR;
				CLANG_WARN_DOCUMENTATION_COMMENTS = YES;
				CLANG_WARN_EMPTY_BODY = YES;
				CLANG_WARN_ENUM_CONVERSION = YES;
				CLANG_WARN_INFINITE_RECURSION = YES;
				CLANG_WARN_INT_CONVERSION = YES;
				CLANG_WARN_NON_LITERAL_NULL_CONVERSION = YES;
				CLANG_WARN_OBJC_IMPLICIT_RETAIN_SELF = YES;
				CLANG_WARN_OBJC_LITERAL_CONVERSION = YES;
				CLANG_WARN_OBJC_ROOT_CLASS = YES_ERROR;
				CLANG_WARN_QUOTED_INCLUDE_IN_FRAMEWORK_HEADER = YES;
				CLANG_WARN_RANGE_LOOP_ANALYSIS = YES;
				CLANG_WARN_STRICT_PROTOTYPES = YES;
				CLANG_WARN_SUSPICIOUS_MOVE = YES;
				CLANG_WARN_UNGUARDED_AVAILABILITY = YES_AGGRESSIVE;
				CLANG_WARN_UNREACHABLE_CODE = YES;
				CLANG_WARN__DUPLICATE_METHOD_MATCH = YES;
				COPY_PHASE_STRIP = NO;
				DEBUG_INFORMATION_FORMAT = dwarf;
				ENABLE_STRICT_OBJC_MSGSEND = YES;
				ENABLE_TESTABILITY = YES;
				ENABLE_USER_SCRIPT_SANDBOXING = YES;
				GCC_C_LANGUAGE_STANDARD = gnu17;
				GCC_DYNAMIC_NO_PIC = NO;
				GCC_NO_COMMON_BLOCKS = YES;
				GCC_OPTIMIZATION_LEVEL = 0;
				GCC_PREPROCESSOR_DEFINITIONS = (
					"DEBUG=1",
					"$(inherited)",
				);
				GCC_WARN_64_TO_32_BIT_CONVERSION = YES;
				GCC_WARN_ABOUT_RETURN_TYPE = YES_ERROR;
				GCC_WARN_UNDECLARED_SELECTOR = YES;
				GCC_WARN_UNINITIALIZED_AUTOS = YES_AGGRESSIVE;
				GCC_WARN_UNUSED_FUNCTION = YES;
				GCC_WARN_UNUSED_VARIABLE = YES;
				IPHONEOS_DEPLOYMENT_TARGET = 17.4;
				LOCALIZATION_PREFERS_STRING_CATALOGS = YES;
				MTL_ENABLE_DEBUG_INFO = INCLUDE_SOURCE;
				MTL_FAST_MATH = YES;
				ONLY_ACTIVE_ARCH = YES;
				SDKROOT = iphoneos;
				SWIFT_ACTIVE_COMPILATION_CONDITIONS = "DEBUG $(inherited)";
				SWIFT_OPTIMIZATION_LEVEL = "-Onone";
			};
			name = Debug;
		};
		35F25F392C16F540000917C9 /* Release */ = {
			isa = XCBuildConfiguration;
			buildSettings = {
				ALWAYS_SEARCH_USER_PATHS = NO;
				ASSETCATALOG_COMPILER_GENERATE_SWIFT_ASSET_SYMBOL_EXTENSIONS = YES;
				CLANG_ANALYZER_NONNULL = YES;
				CLANG_ANALYZER_NUMBER_OBJECT_CONVERSION = YES_AGGRESSIVE;
				CLANG_CXX_LANGUAGE_STANDARD = "gnu++20";
				CLANG_ENABLE_MODULES = YES;
				CLANG_ENABLE_OBJC_ARC = YES;
				CLANG_ENABLE_OBJC_WEAK = YES;
				CLANG_WARN_BLOCK_CAPTURE_AUTORELEASING = YES;
				CLANG_WARN_BOOL_CONVERSION = YES;
				CLANG_WARN_COMMA = YES;
				CLANG_WARN_CONSTANT_CONVERSION = YES;
				CLANG_WARN_DEPRECATED_OBJC_IMPLEMENTATIONS = YES;
				CLANG_WARN_DIRECT_OBJC_ISA_USAGE = YES_ERROR;
				CLANG_WARN_DOCUMENTATION_COMMENTS = YES;
				CLANG_WARN_EMPTY_BODY = YES;
				CLANG_WARN_ENUM_CONVERSION = YES;
				CLANG_WARN_INFINITE_RECURSION = YES;
				CLANG_WARN_INT_CONVERSION = YES;
				CLANG_WARN_NON_LITERAL_NULL_CONVERSION = YES;
				CLANG_WARN_OBJC_IMPLICIT_RETAIN_SELF = YES;
				CLANG_WARN_OBJC_LITERAL_CONVERSION = YES;
				CLANG_WARN_OBJC_ROOT_CLASS = YES_ERROR;
				CLANG_WARN_QUOTED_INCLUDE_IN_FRAMEWORK_HEADER = YES;
				CLANG_WARN_RANGE_LOOP_ANALYSIS = YES;
				CLANG_WARN_STRICT_PROTOTYPES = YES;
				CLANG_WARN_SUSPICIOUS_MOVE = YES;
				CLANG_WARN_UNGUARDED_AVAILABILITY = YES_AGGRESSIVE;
				CLANG_WARN_UNREACHABLE_CODE = YES;
				CLANG_WARN__DUPLICATE_METHOD_MATCH = YES;
				COPY_PHASE_STRIP = NO;
				DEBUG_INFORMATION_FORMAT = "dwarf-with-dsym";
				ENABLE_NS_ASSERTIONS = NO;
				ENABLE_STRICT_OBJC_MSGSEND = YES;
				ENABLE_USER_SCRIPT_SANDBOXING = YES;
				GCC_C_LANGUAGE_STANDARD = gnu17;
				GCC_NO_COMMON_BLOCKS = YES;
				GCC_WARN_64_TO_32_BIT_CONVERSION = YES;
				GCC_WARN_ABOUT_RETURN_TYPE = YES_ERROR;
				GCC_WARN_UNDECLARED_SELECTOR = YES;
				GCC_WARN_UNINITIALIZED_AUTOS = YES_AGGRESSIVE;
				GCC_WARN_UNUSED_FUNCTION = YES;
				GCC_WARN_UNUSED_VARIABLE = YES;
				IPHONEOS_DEPLOYMENT_TARGET = 17.4;
				LOCALIZATION_PREFERS_STRING_CATALOGS = YES;
				MTL_ENABLE_DEBUG_INFO = NO;
				MTL_FAST_MATH = YES;
				SDKROOT = iphoneos;
				SWIFT_COMPILATION_MODE = wholemodule;
				VALIDATE_PRODUCT = YES;
			};
			name = Release;
		};
		35F25F3B2C16F540000917C9 /* Debug */ = {
			isa = XCBuildConfiguration;
			buildSettings = {
				ASSETCATALOG_COMPILER_APPICON_NAME = AppIcon;
				ASSETCATALOG_COMPILER_GLOBAL_ACCENT_COLOR_NAME = AccentColor;
				CODE_SIGN_STYLE = Automatic;
				CURRENT_PROJECT_VERSION = 1;
				DEVELOPMENT_TEAM = F3724U2GB3;
				GENERATE_INFOPLIST_FILE = YES;
				INFOPLIST_FILE = MediaLog/Info.plist;
				INFOPLIST_KEY_CFBundleDisplayName = MediaLog;
				INFOPLIST_KEY_UIApplicationSupportsIndirectInputEvents = YES;
				INFOPLIST_KEY_UILaunchStoryboardName = LaunchScreen;
				INFOPLIST_KEY_UISupportedInterfaceOrientations = UIInterfaceOrientationPortrait;
				INFOPLIST_KEY_UISupportedInterfaceOrientations_iPad = UIInterfaceOrientationPortrait;
				IPHONEOS_DEPLOYMENT_TARGET = 15.0;
				LD_RUNPATH_SEARCH_PATHS = (
					"$(inherited)",
					"@executable_path/Frameworks",
				);
				MARKETING_VERSION = 1.0;
				PRODUCT_BUNDLE_IDENTIFIER = joy.MediaLog;
				PRODUCT_NAME = "$(TARGET_NAME)";
				SUPPORTED_PLATFORMS = "iphoneos iphonesimulator";
				SUPPORTS_MACCATALYST = NO;
				SUPPORTS_MAC_DESIGNED_FOR_IPHONE_IPAD = NO;
				SUPPORTS_XR_DESIGNED_FOR_IPHONE_IPAD = NO;
				SWIFT_EMIT_LOC_STRINGS = YES;
				SWIFT_VERSION = 5.0;
				TARGETED_DEVICE_FAMILY = 1;
			};
			name = Debug;
		};
		35F25F3C2C16F540000917C9 /* Release */ = {
			isa = XCBuildConfiguration;
			buildSettings = {
				ASSETCATALOG_COMPILER_APPICON_NAME = AppIcon;
				ASSETCATALOG_COMPILER_GLOBAL_ACCENT_COLOR_NAME = AccentColor;
				CODE_SIGN_STYLE = Automatic;
				CURRENT_PROJECT_VERSION = 1;
				DEVELOPMENT_TEAM = F3724U2GB3;
				GENERATE_INFOPLIST_FILE = YES;
				INFOPLIST_FILE = MediaLog/Info.plist;
				INFOPLIST_KEY_CFBundleDisplayName = MediaLog;
				INFOPLIST_KEY_UIApplicationSupportsIndirectInputEvents = YES;
				INFOPLIST_KEY_UILaunchStoryboardName = LaunchScreen;
				INFOPLIST_KEY_UISupportedInterfaceOrientations = UIInterfaceOrientationPortrait;
				INFOPLIST_KEY_UISupportedInterfaceOrientations_iPad = UIInterfaceOrientationPortrait;
				IPHONEOS_DEPLOYMENT_TARGET = 15.0;
				LD_RUNPATH_SEARCH_PATHS = (
					"$(inherited)",
					"@executable_path/Frameworks",
				);
				MARKETING_VERSION = 1.0;
				PRODUCT_BUNDLE_IDENTIFIER = joy.MediaLog;
				PRODUCT_NAME = "$(TARGET_NAME)";
				SUPPORTED_PLATFORMS = "iphoneos iphonesimulator";
				SUPPORTS_MACCATALYST = NO;
				SUPPORTS_MAC_DESIGNED_FOR_IPHONE_IPAD = NO;
				SUPPORTS_XR_DESIGNED_FOR_IPHONE_IPAD = NO;
				SWIFT_EMIT_LOC_STRINGS = YES;
				SWIFT_VERSION = 5.0;
				TARGETED_DEVICE_FAMILY = 1;
			};
			name = Release;
		};
/* End XCBuildConfiguration section */

/* Begin XCConfigurationList section */
		35F25F212C16F53F000917C9 /* Build configuration list for PBXProject "MediaLog" */ = {
			isa = XCConfigurationList;
			buildConfigurations = (
				35F25F382C16F540000917C9 /* Debug */,
				35F25F392C16F540000917C9 /* Release */,
			);
			defaultConfigurationIsVisible = 0;
			defaultConfigurationName = Release;
		};
		35F25F3A2C16F540000917C9 /* Build configuration list for PBXNativeTarget "MediaLog" */ = {
			isa = XCConfigurationList;
			buildConfigurations = (
				35F25F3B2C16F540000917C9 /* Debug */,
				35F25F3C2C16F540000917C9 /* Release */,
			);
			defaultConfigurationIsVisible = 0;
			defaultConfigurationName = Release;
		};
/* End XCConfigurationList section */

/* Begin XCRemoteSwiftPackageReference section */
		35F25F502C170D95000917C9 /* XCRemoteSwiftPackageReference "Alamofire" */ = {
			isa = XCRemoteSwiftPackageReference;
			repositoryURL = "https://github.com/Alamofire/Alamofire.git";
			requirement = {
				kind = upToNextMajorVersion;
				minimumVersion = 5.9.1;
			};
		};
		35F25F532C170DA0000917C9 /* XCRemoteSwiftPackageReference "SnapKit" */ = {
			isa = XCRemoteSwiftPackageReference;
			repositoryURL = "https://github.com/SnapKit/SnapKit.git";
			requirement = {
				kind = upToNextMajorVersion;
				minimumVersion = 5.7.1;
			};
		};
		35F25F562C170DAA000917C9 /* XCRemoteSwiftPackageReference "Kingfisher" */ = {
			isa = XCRemoteSwiftPackageReference;
			repositoryURL = "https://github.com/onevcat/Kingfisher.git";
			requirement = {
				kind = upToNextMajorVersion;
				minimumVersion = 7.11.0;
			};
		};
/* End XCRemoteSwiftPackageReference section */

/* Begin XCSwiftPackageProductDependency section */
		35F25F512C170D95000917C9 /* Alamofire */ = {
			isa = XCSwiftPackageProductDependency;
			package = 35F25F502C170D95000917C9 /* XCRemoteSwiftPackageReference "Alamofire" */;
			productName = Alamofire;
		};
		35F25F542C170DA0000917C9 /* SnapKit */ = {
			isa = XCSwiftPackageProductDependency;
			package = 35F25F532C170DA0000917C9 /* XCRemoteSwiftPackageReference "SnapKit" */;
			productName = SnapKit;
		};
		35F25F572C170DAA000917C9 /* Kingfisher */ = {
			isa = XCSwiftPackageProductDependency;
			package = 35F25F562C170DAA000917C9 /* XCRemoteSwiftPackageReference "Kingfisher" */;
			productName = Kingfisher;
		};
/* End XCSwiftPackageProductDependency section */
	};
	rootObject = 35F25F1E2C16F53F000917C9 /* Project object */;
}
